
Microsoft Visual Studio Solution File, Format Version 12.00
# Visual Studio 15
VisualStudioVersion = 15.0.26124.0
MinimumVisualStudioVersion = 15.0.26124.0
Project("{FAE04EC0-301F-11D3-BF4B-00C04F79EFBC}") = "xBDD", "xBDD\xBDD.csproj", "{13C464A3-A5BB-482C-8A5C-485C4C4F604A}"
EndProject
Project("{FAE04EC0-301F-11D3-BF4B-00C04F79EFBC}") = "xBDD.Tools", "xBDD.Tools\xBDD.Tools.csproj", "{92F03A01-F4A4-4C09-94D9-C7A2F6799A1F}"
EndProject
Project("{FAE04EC0-301F-11D3-BF4B-00C04F79EFBC}") = "xBDD.Test", "xBDD.Test\xBDD.Test.csproj", "{6094F7C3-113F-402E-9B6B-9771ACBA0610}"
EndProject
Project("{FAE04EC0-301F-11D3-BF4B-00C04F79EFBC}") = "xBDD.Features.GeneratingReports", "xBDD.Features.GeneratingReports\xBDD.Features.GeneratingReports.csproj", "{E70BCEC5-0AB4-4538-B9E3-8D7A0097E2AF}"
EndProject
Project("{FAE04EC0-301F-11D3-BF4B-00C04F79EFBC}") = "xBDD.Features.Common", "xbdd.features.common\xBDD.Features.Common.csproj", "{938AC973-63A9-4DF4-BC67-DE1C3FE163E1}"
EndProject
Project("{FAE04EC0-301F-11D3-BF4B-00C04F79EFBC}") = "xBDD.Features.AutomatingUITesting", "xBDD.Features.AutomatingUITesting\xBDD.Features.AutomatingUITesting.csproj", "{C7A33AE8-C48F-46B1-A1D1-FE7D06A04F85}"
EndProject
Project("{FAE04EC0-301F-11D3-BF4B-00C04F79EFBC}") = "xBDD.Features.DefiningFeatures", "xBDD.Features.DefiningFeatures\xBDD.Features.DefiningFeatures.csproj", "{7AB18B25-94F6-45EF-8175-02ADFABE9A03}"
EndProject
Project("{FAE04EC0-301F-11D3-BF4B-00C04F79EFBC}") = "xBDD.Features.GeneratingCode", "xBDD.Features.GeneratingCode\xBDD.Features.GeneratingCode.csproj", "{07D79712-9987-4CC5-A4AE-43B5218D81AA}"
EndProject
Project("{FAE04EC0-301F-11D3-BF4B-00C04F79EFBC}") = "xBDD.Features.RunningScenarios", "xBDD.Features.RunningScenarios\xBDD.Features.RunningScenarios.csproj", "{55F9EE9F-A5B4-430A-BBBE-13B55F5130EB}"
EndProject
Project("{FAE04EC0-301F-11D3-BF4B-00C04F79EFBC}") = "xBDD.Features.StreamliningAPITesting", "xBDD.Features.StreamliningAPITesting\xBDD.Features.StreamliningAPITesting.csproj", "{8F2C9952-8269-4EF4-AC4C-F38A9922E20D}"
EndProject
Global
	GlobalSection(SolutionConfigurationPlatforms) = preSolution
		Debug|Any CPU = Debug|Any CPU
		Debug|x64 = Debug|x64
		Debug|x86 = Debug|x86
		Release|Any CPU = Release|Any CPU
		Release|x64 = Release|x64
		Release|x86 = Release|x86
	EndGlobalSection
	GlobalSection(SolutionProperties) = preSolution
		HideSolutionNode = FALSE
	EndGlobalSection
	GlobalSection(ProjectConfigurationPlatforms) = postSolution
		{13C464A3-A5BB-482C-8A5C-485C4C4F604A}.Debug|Any CPU.ActiveCfg = Debug|Any CPU
		{13C464A3-A5BB-482C-8A5C-485C4C4F604A}.Debug|Any CPU.Build.0 = Debug|Any CPU
		{13C464A3-A5BB-482C-8A5C-485C4C4F604A}.Debug|x64.ActiveCfg = Debug|Any CPU
		{13C464A3-A5BB-482C-8A5C-485C4C4F604A}.Debug|x64.Build.0 = Debug|Any CPU
		{13C464A3-A5BB-482C-8A5C-485C4C4F604A}.Debug|x86.ActiveCfg = Debug|Any CPU
		{13C464A3-A5BB-482C-8A5C-485C4C4F604A}.Debug|x86.Build.0 = Debug|Any CPU
		{13C464A3-A5BB-482C-8A5C-485C4C4F604A}.Release|Any CPU.ActiveCfg = Release|Any CPU
		{13C464A3-A5BB-482C-8A5C-485C4C4F604A}.Release|Any CPU.Build.0 = Release|Any CPU
		{13C464A3-A5BB-482C-8A5C-485C4C4F604A}.Release|x64.ActiveCfg = Release|Any CPU
		{13C464A3-A5BB-482C-8A5C-485C4C4F604A}.Release|x64.Build.0 = Release|Any CPU
		{13C464A3-A5BB-482C-8A5C-485C4C4F604A}.Release|x86.ActiveCfg = Release|Any CPU
		{13C464A3-A5BB-482C-8A5C-485C4C4F604A}.Release|x86.Build.0 = Release|Any CPU
		{92F03A01-F4A4-4C09-94D9-C7A2F6799A1F}.Debug|Any CPU.ActiveCfg = Debug|Any CPU
		{92F03A01-F4A4-4C09-94D9-C7A2F6799A1F}.Debug|Any CPU.Build.0 = Debug|Any CPU
		{92F03A01-F4A4-4C09-94D9-C7A2F6799A1F}.Debug|x64.ActiveCfg = Debug|Any CPU
		{92F03A01-F4A4-4C09-94D9-C7A2F6799A1F}.Debug|x64.Build.0 = Debug|Any CPU
		{92F03A01-F4A4-4C09-94D9-C7A2F6799A1F}.Debug|x86.ActiveCfg = Debug|Any CPU
		{92F03A01-F4A4-4C09-94D9-C7A2F6799A1F}.Debug|x86.Build.0 = Debug|Any CPU
		{92F03A01-F4A4-4C09-94D9-C7A2F6799A1F}.Release|Any CPU.ActiveCfg = Release|Any CPU
		{92F03A01-F4A4-4C09-94D9-C7A2F6799A1F}.Release|Any CPU.Build.0 = Release|Any CPU
		{92F03A01-F4A4-4C09-94D9-C7A2F6799A1F}.Release|x64.ActiveCfg = Release|Any CPU
		{92F03A01-F4A4-4C09-94D9-C7A2F6799A1F}.Release|x64.Build.0 = Release|Any CPU
		{92F03A01-F4A4-4C09-94D9-C7A2F6799A1F}.Release|x86.ActiveCfg = Release|Any CPU
		{92F03A01-F4A4-4C09-94D9-C7A2F6799A1F}.Release|x86.Build.0 = Release|Any CPU
		{6094F7C3-113F-402E-9B6B-9771ACBA0610}.Debug|Any CPU.ActiveCfg = Debug|Any CPU
		{6094F7C3-113F-402E-9B6B-9771ACBA0610}.Debug|Any CPU.Build.0 = Debug|Any CPU
		{6094F7C3-113F-402E-9B6B-9771ACBA0610}.Debug|x64.ActiveCfg = Debug|Any CPU
		{6094F7C3-113F-402E-9B6B-9771ACBA0610}.Debug|x64.Build.0 = Debug|Any CPU
		{6094F7C3-113F-402E-9B6B-9771ACBA0610}.Debug|x86.ActiveCfg = Debug|Any CPU
		{6094F7C3-113F-402E-9B6B-9771ACBA0610}.Debug|x86.Build.0 = Debug|Any CPU
		{6094F7C3-113F-402E-9B6B-9771ACBA0610}.Release|Any CPU.ActiveCfg = Release|Any CPU
		{6094F7C3-113F-402E-9B6B-9771ACBA0610}.Release|Any CPU.Build.0 = Release|Any CPU
		{6094F7C3-113F-402E-9B6B-9771ACBA0610}.Release|x64.ActiveCfg = Release|Any CPU
		{6094F7C3-113F-402E-9B6B-9771ACBA0610}.Release|x64.Build.0 = Release|Any CPU
		{6094F7C3-113F-402E-9B6B-9771ACBA0610}.Release|x86.ActiveCfg = Release|Any CPU
		{6094F7C3-113F-402E-9B6B-9771ACBA0610}.Release|x86.Build.0 = Release|Any CPU
		{E70BCEC5-0AB4-4538-B9E3-8D7A0097E2AF}.Debug|Any CPU.ActiveCfg = Debug|Any CPU
		{E70BCEC5-0AB4-4538-B9E3-8D7A0097E2AF}.Debug|Any CPU.Build.0 = Debug|Any CPU
		{E70BCEC5-0AB4-4538-B9E3-8D7A0097E2AF}.Debug|x64.ActiveCfg = Debug|Any CPU
		{E70BCEC5-0AB4-4538-B9E3-8D7A0097E2AF}.Debug|x64.Build.0 = Debug|Any CPU
		{E70BCEC5-0AB4-4538-B9E3-8D7A0097E2AF}.Debug|x86.ActiveCfg = Debug|Any CPU
		{E70BCEC5-0AB4-4538-B9E3-8D7A0097E2AF}.Debug|x86.Build.0 = Debug|Any CPU
		{E70BCEC5-0AB4-4538-B9E3-8D7A0097E2AF}.Release|Any CPU.ActiveCfg = Release|Any CPU
		{E70BCEC5-0AB4-4538-B9E3-8D7A0097E2AF}.Release|Any CPU.Build.0 = Release|Any CPU
		{E70BCEC5-0AB4-4538-B9E3-8D7A0097E2AF}.Release|x64.ActiveCfg = Release|Any CPU
		{E70BCEC5-0AB4-4538-B9E3-8D7A0097E2AF}.Release|x64.Build.0 = Release|Any CPU
		{E70BCEC5-0AB4-4538-B9E3-8D7A0097E2AF}.Release|x86.ActiveCfg = Release|Any CPU
		{E70BCEC5-0AB4-4538-B9E3-8D7A0097E2AF}.Release|x86.Build.0 = Release|Any CPU
		{938AC973-63A9-4DF4-BC67-DE1C3FE163E1}.Debug|Any CPU.ActiveCfg = Debug|Any CPU
		{938AC973-63A9-4DF4-BC67-DE1C3FE163E1}.Debug|Any CPU.Build.0 = Debug|Any CPU
		{938AC973-63A9-4DF4-BC67-DE1C3FE163E1}.Debug|x64.ActiveCfg = Debug|Any CPU
		{938AC973-63A9-4DF4-BC67-DE1C3FE163E1}.Debug|x64.Build.0 = Debug|Any CPU
		{938AC973-63A9-4DF4-BC67-DE1C3FE163E1}.Debug|x86.ActiveCfg = Debug|Any CPU
		{938AC973-63A9-4DF4-BC67-DE1C3FE163E1}.Debug|x86.Build.0 = Debug|Any CPU
		{938AC973-63A9-4DF4-BC67-DE1C3FE163E1}.Release|Any CPU.ActiveCfg = Release|Any CPU
		{938AC973-63A9-4DF4-BC67-DE1C3FE163E1}.Release|Any CPU.Build.0 = Release|Any CPU
		{938AC973-63A9-4DF4-BC67-DE1C3FE163E1}.Release|x64.ActiveCfg = Release|Any CPU
		{938AC973-63A9-4DF4-BC67-DE1C3FE163E1}.Release|x64.Build.0 = Release|Any CPU
		{938AC973-63A9-4DF4-BC67-DE1C3FE163E1}.Release|x86.ActiveCfg = Release|Any CPU
		{938AC973-63A9-4DF4-BC67-DE1C3FE163E1}.Release|x86.Build.0 = Release|Any CPU
		{C7A33AE8-C48F-46B1-A1D1-FE7D06A04F85}.Debug|Any CPU.ActiveCfg = Debug|Any CPU
		{C7A33AE8-C48F-46B1-A1D1-FE7D06A04F85}.Debug|Any CPU.Build.0 = Debug|Any CPU
		{C7A33AE8-C48F-46B1-A1D1-FE7D06A04F85}.Debug|x64.ActiveCfg = Debug|Any CPU
		{C7A33AE8-C48F-46B1-A1D1-FE7D06A04F85}.Debug|x64.Build.0 = Debug|Any CPU
		{C7A33AE8-C48F-46B1-A1D1-FE7D06A04F85}.Debug|x86.ActiveCfg = Debug|Any CPU
		{C7A33AE8-C48F-46B1-A1D1-FE7D06A04F85}.Debug|x86.Build.0 = Debug|Any CPU
		{C7A33AE8-C48F-46B1-A1D1-FE7D06A04F85}.Release|Any CPU.ActiveCfg = Release|Any CPU
		{C7A33AE8-C48F-46B1-A1D1-FE7D06A04F85}.Release|Any CPU.Build.0 = Release|Any CPU
		{C7A33AE8-C48F-46B1-A1D1-FE7D06A04F85}.Release|x64.ActiveCfg = Release|Any CPU
		{C7A33AE8-C48F-46B1-A1D1-FE7D06A04F85}.Release|x64.Build.0 = Release|Any CPU
		{C7A33AE8-C48F-46B1-A1D1-FE7D06A04F85}.Release|x86.ActiveCfg = Release|Any CPU
		{C7A33AE8-C48F-46B1-A1D1-FE7D06A04F85}.Release|x86.Build.0 = Release|Any CPU
		{7AB18B25-94F6-45EF-8175-02ADFABE9A03}.Debug|Any CPU.ActiveCfg = Debug|Any CPU
		{7AB18B25-94F6-45EF-8175-02ADFABE9A03}.Debug|Any CPU.Build.0 = Debug|Any CPU
		{7AB18B25-94F6-45EF-8175-02ADFABE9A03}.Debug|x64.ActiveCfg = Debug|Any CPU
		{7AB18B25-94F6-45EF-8175-02ADFABE9A03}.Debug|x64.Build.0 = Debug|Any CPU
		{7AB18B25-94F6-45EF-8175-02ADFABE9A03}.Debug|x86.ActiveCfg = Debug|Any CPU
		{7AB18B25-94F6-45EF-8175-02ADFABE9A03}.Debug|x86.Build.0 = Debug|Any CPU
		{7AB18B25-94F6-45EF-8175-02ADFABE9A03}.Release|Any CPU.ActiveCfg = Release|Any CPU
		{7AB18B25-94F6-45EF-8175-02ADFABE9A03}.Release|Any CPU.Build.0 = Release|Any CPU
		{7AB18B25-94F6-45EF-8175-02ADFABE9A03}.Release|x64.ActiveCfg = Release|Any CPU
		{7AB18B25-94F6-45EF-8175-02ADFABE9A03}.Release|x64.Build.0 = Release|Any CPU
		{7AB18B25-94F6-45EF-8175-02ADFABE9A03}.Release|x86.ActiveCfg = Release|Any CPU
		{7AB18B25-94F6-45EF-8175-02ADFABE9A03}.Release|x86.Build.0 = Release|Any CPU
		{07D79712-9987-4CC5-A4AE-43B5218D81AA}.Debug|Any CPU.ActiveCfg = Debug|Any CPU
		{07D79712-9987-4CC5-A4AE-43B5218D81AA}.Debug|Any CPU.Build.0 = Debug|Any CPU
		{07D79712-9987-4CC5-A4AE-43B5218D81AA}.Debug|x64.ActiveCfg = Debug|Any CPU
		{07D79712-9987-4CC5-A4AE-43B5218D81AA}.Debug|x64.Build.0 = Debug|Any CPU
		{07D79712-9987-4CC5-A4AE-43B5218D81AA}.Debug|x86.ActiveCfg = Debug|Any CPU
		{07D79712-9987-4CC5-A4AE-43B5218D81AA}.Debug|x86.Build.0 = Debug|Any CPU
		{07D79712-9987-4CC5-A4AE-43B5218D81AA}.Release|Any CPU.ActiveCfg = Release|Any CPU
		{07D79712-9987-4CC5-A4AE-43B5218D81AA}.Release|Any CPU.Build.0 = Release|Any CPU
		{07D79712-9987-4CC5-A4AE-43B5218D81AA}.Release|x64.ActiveCfg = Release|Any CPU
		{07D79712-9987-4CC5-A4AE-43B5218D81AA}.Release|x64.Build.0 = Release|Any CPU
		{07D79712-9987-4CC5-A4AE-43B5218D81AA}.Release|x86.ActiveCfg = Release|Any CPU
		{07D79712-9987-4CC5-A4AE-43B5218D81AA}.Release|x86.Build.0 = Release|Any CPU
		{55F9EE9F-A5B4-430A-BBBE-13B55F5130EB}.Debug|Any CPU.ActiveCfg = Debug|Any CPU
		{55F9EE9F-A5B4-430A-BBBE-13B55F5130EB}.Debug|Any CPU.Build.0 = Debug|Any CPU
		{55F9EE9F-A5B4-430A-BBBE-13B55F5130EB}.Debug|x64.ActiveCfg = Debug|Any CPU
		{55F9EE9F-A5B4-430A-BBBE-13B55F5130EB}.Debug|x64.Build.0 = Debug|Any CPU
		{55F9EE9F-A5B4-430A-BBBE-13B55F5130EB}.Debug|x86.ActiveCfg = Debug|Any CPU
		{55F9EE9F-A5B4-430A-BBBE-13B55F5130EB}.Debug|x86.Build.0 = Debug|Any CPU
		{55F9EE9F-A5B4-430A-BBBE-13B55F5130EB}.Release|Any CPU.ActiveCfg = Release|Any CPU
		{55F9EE9F-A5B4-430A-BBBE-13B55F5130EB}.Release|Any CPU.Build.0 = Release|Any CPU
		{55F9EE9F-A5B4-430A-BBBE-13B55F5130EB}.Release|x64.ActiveCfg = Release|Any CPU
		{55F9EE9F-A5B4-430A-BBBE-13B55F5130EB}.Release|x64.Build.0 = Release|Any CPU
		{55F9EE9F-A5B4-430A-BBBE-13B55F5130EB}.Release|x86.ActiveCfg = Release|Any CPU
		{55F9EE9F-A5B4-430A-BBBE-13B55F5130EB}.Release|x86.Build.0 = Release|Any CPU
		{8F2C9952-8269-4EF4-AC4C-F38A9922E20D}.Debug|Any CPU.ActiveCfg = Debug|Any CPU
		{8F2C9952-8269-4EF4-AC4C-F38A9922E20D}.Debug|Any CPU.Build.0 = Debug|Any CPU
		{8F2C9952-8269-4EF4-AC4C-F38A9922E20D}.Debug|x64.ActiveCfg = Debug|Any CPU
		{8F2C9952-8269-4EF4-AC4C-F38A9922E20D}.Debug|x64.Build.0 = Debug|Any CPU
		{8F2C9952-8269-4EF4-AC4C-F38A9922E20D}.Debug|x86.ActiveCfg = Debug|Any CPU
		{8F2C9952-8269-4EF4-AC4C-F38A9922E20D}.Debug|x86.Build.0 = Debug|Any CPU
		{8F2C9952-8269-4EF4-AC4C-F38A9922E20D}.Release|Any CPU.ActiveCfg = Release|Any CPU
		{8F2C9952-8269-4EF4-AC4C-F38A9922E20D}.Release|Any CPU.Build.0 = Release|Any CPU
		{8F2C9952-8269-4EF4-AC4C-F38A9922E20D}.Release|x64.ActiveCfg = Release|Any CPU
		{8F2C9952-8269-4EF4-AC4C-F38A9922E20D}.Release|x64.Build.0 = Release|Any CPU
		{8F2C9952-8269-4EF4-AC4C-F38A9922E20D}.Release|x86.ActiveCfg = Release|Any CPU
		{8F2C9952-8269-4EF4-AC4C-F38A9922E20D}.Release|x86.Build.0 = Release|Any CPU
	EndGlobalSection
EndGlobal
