
Microsoft Visual Studio Solution File, Format Version 12.00
# Visual Studio 15
VisualStudioVersion = 15.0.26124.0
MinimumVisualStudioVersion = 15.0.26124.0
Project("{FAE04EC0-301F-11D3-BF4B-00C04F79EFBC}") = "xBDD", "xBDD\xBDD.csproj", "{13C464A3-A5BB-482C-8A5C-485C4C4F604A}"
EndProject
Project("{FAE04EC0-301F-11D3-BF4B-00C04F79EFBC}") = "xBDD.Features", "xBDD.Features\xBDD.Features.csproj", "{5966AA9E-CA07-43E6-BAF2-E01F903765A9}"
EndProject
Project("{FAE04EC0-301F-11D3-BF4B-00C04F79EFBC}") = "xBDD.Tools", "xBDD.Tools\xBDD.Tools.csproj", "{92F03A01-F4A4-4C09-94D9-C7A2F6799A1F}"
EndProject
Project("{FAE04EC0-301F-11D3-BF4B-00C04F79EFBC}") = "xBDD.Test", "xBDD.Test\xBDD.Test.csproj", "{6094F7C3-113F-402E-9B6B-9771ACBA0610}"
EndProject
Project("{FAE04EC0-301F-11D3-BF4B-00C04F79EFBC}") = "MySample.Features.TestRun1Passing", "MySample.Features.TestRun1Passing\MySample.Features.TestRun1Passing.csproj", "{58DCEFD7-C2B1-41AE-921F-D38899AE1606}"
EndProject
Project("{FAE04EC0-301F-11D3-BF4B-00C04F79EFBC}") = "xBDD.Features.GeneratingCode", "xbdd.features.generatingcode\xBDD.Features.GeneratingCode.csproj", "{344358E6-A882-42A9-B7EA-1F6613F0DFA0}"
EndProject
Global
	GlobalSection(SolutionConfigurationPlatforms) = preSolution
		Debug|Any CPU = Debug|Any CPU
		Debug|x64 = Debug|x64
		Debug|x86 = Debug|x86
		Release|Any CPU = Release|Any CPU
		Release|x64 = Release|x64
		Release|x86 = Release|x86
	EndGlobalSection
	GlobalSection(SolutionProperties) = preSolution
		HideSolutionNode = FALSE
	EndGlobalSection
	GlobalSection(ProjectConfigurationPlatforms) = postSolution
		{13C464A3-A5BB-482C-8A5C-485C4C4F604A}.Debug|Any CPU.ActiveCfg = Debug|Any CPU
		{13C464A3-A5BB-482C-8A5C-485C4C4F604A}.Debug|Any CPU.Build.0 = Debug|Any CPU
		{13C464A3-A5BB-482C-8A5C-485C4C4F604A}.Debug|x64.ActiveCfg = Debug|Any CPU
		{13C464A3-A5BB-482C-8A5C-485C4C4F604A}.Debug|x64.Build.0 = Debug|Any CPU
		{13C464A3-A5BB-482C-8A5C-485C4C4F604A}.Debug|x86.ActiveCfg = Debug|Any CPU
		{13C464A3-A5BB-482C-8A5C-485C4C4F604A}.Debug|x86.Build.0 = Debug|Any CPU
		{13C464A3-A5BB-482C-8A5C-485C4C4F604A}.Release|Any CPU.ActiveCfg = Release|Any CPU
		{13C464A3-A5BB-482C-8A5C-485C4C4F604A}.Release|Any CPU.Build.0 = Release|Any CPU
		{13C464A3-A5BB-482C-8A5C-485C4C4F604A}.Release|x64.ActiveCfg = Release|Any CPU
		{13C464A3-A5BB-482C-8A5C-485C4C4F604A}.Release|x64.Build.0 = Release|Any CPU
		{13C464A3-A5BB-482C-8A5C-485C4C4F604A}.Release|x86.ActiveCfg = Release|Any CPU
		{13C464A3-A5BB-482C-8A5C-485C4C4F604A}.Release|x86.Build.0 = Release|Any CPU
		{5966AA9E-CA07-43E6-BAF2-E01F903765A9}.Debug|Any CPU.ActiveCfg = Debug|Any CPU
		{5966AA9E-CA07-43E6-BAF2-E01F903765A9}.Debug|Any CPU.Build.0 = Debug|Any CPU
		{5966AA9E-CA07-43E6-BAF2-E01F903765A9}.Debug|x64.ActiveCfg = Debug|Any CPU
		{5966AA9E-CA07-43E6-BAF2-E01F903765A9}.Debug|x64.Build.0 = Debug|Any CPU
		{5966AA9E-CA07-43E6-BAF2-E01F903765A9}.Debug|x86.ActiveCfg = Debug|Any CPU
		{5966AA9E-CA07-43E6-BAF2-E01F903765A9}.Debug|x86.Build.0 = Debug|Any CPU
		{5966AA9E-CA07-43E6-BAF2-E01F903765A9}.Release|Any CPU.ActiveCfg = Release|Any CPU
		{5966AA9E-CA07-43E6-BAF2-E01F903765A9}.Release|Any CPU.Build.0 = Release|Any CPU
		{5966AA9E-CA07-43E6-BAF2-E01F903765A9}.Release|x64.ActiveCfg = Release|Any CPU
		{5966AA9E-CA07-43E6-BAF2-E01F903765A9}.Release|x64.Build.0 = Release|Any CPU
		{5966AA9E-CA07-43E6-BAF2-E01F903765A9}.Release|x86.ActiveCfg = Release|Any CPU
		{5966AA9E-CA07-43E6-BAF2-E01F903765A9}.Release|x86.Build.0 = Release|Any CPU
		{92F03A01-F4A4-4C09-94D9-C7A2F6799A1F}.Debug|Any CPU.ActiveCfg = Debug|Any CPU
		{92F03A01-F4A4-4C09-94D9-C7A2F6799A1F}.Debug|Any CPU.Build.0 = Debug|Any CPU
		{92F03A01-F4A4-4C09-94D9-C7A2F6799A1F}.Debug|x64.ActiveCfg = Debug|Any CPU
		{92F03A01-F4A4-4C09-94D9-C7A2F6799A1F}.Debug|x64.Build.0 = Debug|Any CPU
		{92F03A01-F4A4-4C09-94D9-C7A2F6799A1F}.Debug|x86.ActiveCfg = Debug|Any CPU
		{92F03A01-F4A4-4C09-94D9-C7A2F6799A1F}.Debug|x86.Build.0 = Debug|Any CPU
		{92F03A01-F4A4-4C09-94D9-C7A2F6799A1F}.Release|Any CPU.ActiveCfg = Release|Any CPU
		{92F03A01-F4A4-4C09-94D9-C7A2F6799A1F}.Release|Any CPU.Build.0 = Release|Any CPU
		{92F03A01-F4A4-4C09-94D9-C7A2F6799A1F}.Release|x64.ActiveCfg = Release|Any CPU
		{92F03A01-F4A4-4C09-94D9-C7A2F6799A1F}.Release|x64.Build.0 = Release|Any CPU
		{92F03A01-F4A4-4C09-94D9-C7A2F6799A1F}.Release|x86.ActiveCfg = Release|Any CPU
		{92F03A01-F4A4-4C09-94D9-C7A2F6799A1F}.Release|x86.Build.0 = Release|Any CPU
		{6094F7C3-113F-402E-9B6B-9771ACBA0610}.Debug|Any CPU.ActiveCfg = Debug|Any CPU
		{6094F7C3-113F-402E-9B6B-9771ACBA0610}.Debug|Any CPU.Build.0 = Debug|Any CPU
		{6094F7C3-113F-402E-9B6B-9771ACBA0610}.Debug|x64.ActiveCfg = Debug|Any CPU
		{6094F7C3-113F-402E-9B6B-9771ACBA0610}.Debug|x64.Build.0 = Debug|Any CPU
		{6094F7C3-113F-402E-9B6B-9771ACBA0610}.Debug|x86.ActiveCfg = Debug|Any CPU
		{6094F7C3-113F-402E-9B6B-9771ACBA0610}.Debug|x86.Build.0 = Debug|Any CPU
		{6094F7C3-113F-402E-9B6B-9771ACBA0610}.Release|Any CPU.ActiveCfg = Release|Any CPU
		{6094F7C3-113F-402E-9B6B-9771ACBA0610}.Release|Any CPU.Build.0 = Release|Any CPU
		{6094F7C3-113F-402E-9B6B-9771ACBA0610}.Release|x64.ActiveCfg = Release|Any CPU
		{6094F7C3-113F-402E-9B6B-9771ACBA0610}.Release|x64.Build.0 = Release|Any CPU
		{6094F7C3-113F-402E-9B6B-9771ACBA0610}.Release|x86.ActiveCfg = Release|Any CPU
		{6094F7C3-113F-402E-9B6B-9771ACBA0610}.Release|x86.Build.0 = Release|Any CPU
		{58DCEFD7-C2B1-41AE-921F-D38899AE1606}.Debug|Any CPU.ActiveCfg = Debug|Any CPU
		{58DCEFD7-C2B1-41AE-921F-D38899AE1606}.Debug|Any CPU.Build.0 = Debug|Any CPU
		{58DCEFD7-C2B1-41AE-921F-D38899AE1606}.Debug|x64.ActiveCfg = Debug|Any CPU
		{58DCEFD7-C2B1-41AE-921F-D38899AE1606}.Debug|x64.Build.0 = Debug|Any CPU
		{58DCEFD7-C2B1-41AE-921F-D38899AE1606}.Debug|x86.ActiveCfg = Debug|Any CPU
		{58DCEFD7-C2B1-41AE-921F-D38899AE1606}.Debug|x86.Build.0 = Debug|Any CPU
		{58DCEFD7-C2B1-41AE-921F-D38899AE1606}.Release|Any CPU.ActiveCfg = Release|Any CPU
		{58DCEFD7-C2B1-41AE-921F-D38899AE1606}.Release|Any CPU.Build.0 = Release|Any CPU
		{58DCEFD7-C2B1-41AE-921F-D38899AE1606}.Release|x64.ActiveCfg = Release|Any CPU
		{58DCEFD7-C2B1-41AE-921F-D38899AE1606}.Release|x64.Build.0 = Release|Any CPU
		{58DCEFD7-C2B1-41AE-921F-D38899AE1606}.Release|x86.ActiveCfg = Release|Any CPU
		{58DCEFD7-C2B1-41AE-921F-D38899AE1606}.Release|x86.Build.0 = Release|Any CPU
		{344358E6-A882-42A9-B7EA-1F6613F0DFA0}.Debug|Any CPU.ActiveCfg = Debug|Any CPU
		{344358E6-A882-42A9-B7EA-1F6613F0DFA0}.Debug|Any CPU.Build.0 = Debug|Any CPU
		{344358E6-A882-42A9-B7EA-1F6613F0DFA0}.Debug|x64.ActiveCfg = Debug|Any CPU
		{344358E6-A882-42A9-B7EA-1F6613F0DFA0}.Debug|x64.Build.0 = Debug|Any CPU
		{344358E6-A882-42A9-B7EA-1F6613F0DFA0}.Debug|x86.ActiveCfg = Debug|Any CPU
		{344358E6-A882-42A9-B7EA-1F6613F0DFA0}.Debug|x86.Build.0 = Debug|Any CPU
		{344358E6-A882-42A9-B7EA-1F6613F0DFA0}.Release|Any CPU.ActiveCfg = Release|Any CPU
		{344358E6-A882-42A9-B7EA-1F6613F0DFA0}.Release|Any CPU.Build.0 = Release|Any CPU
		{344358E6-A882-42A9-B7EA-1F6613F0DFA0}.Release|x64.ActiveCfg = Release|Any CPU
		{344358E6-A882-42A9-B7EA-1F6613F0DFA0}.Release|x64.Build.0 = Release|Any CPU
		{344358E6-A882-42A9-B7EA-1F6613F0DFA0}.Release|x86.ActiveCfg = Release|Any CPU
		{344358E6-A882-42A9-B7EA-1F6613F0DFA0}.Release|x86.Build.0 = Release|Any CPU
	EndGlobalSection
EndGlobal
