
Microsoft Visual Studio Solution File, Format Version 12.00
# Visual Studio 15
VisualStudioVersion = 15.0.26124.0
MinimumVisualStudioVersion = 15.0.26124.0
Project("{FAE04EC0-301F-11D3-BF4B-00C04F79EFBC}") = "xBDD", "xBDD\xBDD.csproj", "{13C464A3-A5BB-482C-8A5C-485C4C4F604A}"
EndProject
Project("{FAE04EC0-301F-11D3-BF4B-00C04F79EFBC}") = "xBDD.Features", "xBDD.Features\xBDD.Features.csproj", "{5966AA9E-CA07-43E6-BAF2-E01F903765A9}"
EndProject
Project("{FAE04EC0-301F-11D3-BF4B-00C04F79EFBC}") = "MySample.Features", "MySample.Features\MySample.Features.csproj", "{59EA5198-39FF-4EA0-9CE4-85B16DCBF4BB}"
EndProject
Global
	GlobalSection(SolutionConfigurationPlatforms) = preSolution
		Debug|Any CPU = Debug|Any CPU
		Debug|x64 = Debug|x64
		Debug|x86 = Debug|x86
		Release|Any CPU = Release|Any CPU
		Release|x64 = Release|x64
		Release|x86 = Release|x86
	EndGlobalSection
	GlobalSection(SolutionProperties) = preSolution
		HideSolutionNode = FALSE
	EndGlobalSection
	GlobalSection(ProjectConfigurationPlatforms) = postSolution
		{13C464A3-A5BB-482C-8A5C-485C4C4F604A}.Debug|Any CPU.ActiveCfg = Debug|Any CPU
		{13C464A3-A5BB-482C-8A5C-485C4C4F604A}.Debug|Any CPU.Build.0 = Debug|Any CPU
		{13C464A3-A5BB-482C-8A5C-485C4C4F604A}.Debug|x64.ActiveCfg = Debug|Any CPU
		{13C464A3-A5BB-482C-8A5C-485C4C4F604A}.Debug|x64.Build.0 = Debug|Any CPU
		{13C464A3-A5BB-482C-8A5C-485C4C4F604A}.Debug|x86.ActiveCfg = Debug|Any CPU
		{13C464A3-A5BB-482C-8A5C-485C4C4F604A}.Debug|x86.Build.0 = Debug|Any CPU
		{13C464A3-A5BB-482C-8A5C-485C4C4F604A}.Release|Any CPU.ActiveCfg = Release|Any CPU
		{13C464A3-A5BB-482C-8A5C-485C4C4F604A}.Release|Any CPU.Build.0 = Release|Any CPU
		{13C464A3-A5BB-482C-8A5C-485C4C4F604A}.Release|x64.ActiveCfg = Release|Any CPU
		{13C464A3-A5BB-482C-8A5C-485C4C4F604A}.Release|x64.Build.0 = Release|Any CPU
		{13C464A3-A5BB-482C-8A5C-485C4C4F604A}.Release|x86.ActiveCfg = Release|Any CPU
		{13C464A3-A5BB-482C-8A5C-485C4C4F604A}.Release|x86.Build.0 = Release|Any CPU
		{5966AA9E-CA07-43E6-BAF2-E01F903765A9}.Debug|Any CPU.ActiveCfg = Debug|Any CPU
		{5966AA9E-CA07-43E6-BAF2-E01F903765A9}.Debug|Any CPU.Build.0 = Debug|Any CPU
		{5966AA9E-CA07-43E6-BAF2-E01F903765A9}.Debug|x64.ActiveCfg = Debug|Any CPU
		{5966AA9E-CA07-43E6-BAF2-E01F903765A9}.Debug|x64.Build.0 = Debug|Any CPU
		{5966AA9E-CA07-43E6-BAF2-E01F903765A9}.Debug|x86.ActiveCfg = Debug|Any CPU
		{5966AA9E-CA07-43E6-BAF2-E01F903765A9}.Debug|x86.Build.0 = Debug|Any CPU
		{5966AA9E-CA07-43E6-BAF2-E01F903765A9}.Release|Any CPU.ActiveCfg = Release|Any CPU
		{5966AA9E-CA07-43E6-BAF2-E01F903765A9}.Release|Any CPU.Build.0 = Release|Any CPU
		{5966AA9E-CA07-43E6-BAF2-E01F903765A9}.Release|x64.ActiveCfg = Release|Any CPU
		{5966AA9E-CA07-43E6-BAF2-E01F903765A9}.Release|x64.Build.0 = Release|Any CPU
		{5966AA9E-CA07-43E6-BAF2-E01F903765A9}.Release|x86.ActiveCfg = Release|Any CPU
		{5966AA9E-CA07-43E6-BAF2-E01F903765A9}.Release|x86.Build.0 = Release|Any CPU
		{59EA5198-39FF-4EA0-9CE4-85B16DCBF4BB}.Debug|Any CPU.ActiveCfg = Debug|Any CPU
		{59EA5198-39FF-4EA0-9CE4-85B16DCBF4BB}.Debug|Any CPU.Build.0 = Debug|Any CPU
		{59EA5198-39FF-4EA0-9CE4-85B16DCBF4BB}.Debug|x64.ActiveCfg = Debug|Any CPU
		{59EA5198-39FF-4EA0-9CE4-85B16DCBF4BB}.Debug|x64.Build.0 = Debug|Any CPU
		{59EA5198-39FF-4EA0-9CE4-85B16DCBF4BB}.Debug|x86.ActiveCfg = Debug|Any CPU
		{59EA5198-39FF-4EA0-9CE4-85B16DCBF4BB}.Debug|x86.Build.0 = Debug|Any CPU
		{59EA5198-39FF-4EA0-9CE4-85B16DCBF4BB}.Release|Any CPU.ActiveCfg = Release|Any CPU
		{59EA5198-39FF-4EA0-9CE4-85B16DCBF4BB}.Release|Any CPU.Build.0 = Release|Any CPU
		{59EA5198-39FF-4EA0-9CE4-85B16DCBF4BB}.Release|x64.ActiveCfg = Release|Any CPU
		{59EA5198-39FF-4EA0-9CE4-85B16DCBF4BB}.Release|x64.Build.0 = Release|Any CPU
		{59EA5198-39FF-4EA0-9CE4-85B16DCBF4BB}.Release|x86.ActiveCfg = Release|Any CPU
		{59EA5198-39FF-4EA0-9CE4-85B16DCBF4BB}.Release|x86.Build.0 = Release|Any CPU
	EndGlobalSection
EndGlobal
