
Microsoft Visual Studio Solution File, Format Version 12.00
# Visual Studio 15
VisualStudioVersion = 15.0.26124.0
MinimumVisualStudioVersion = 15.0.26124.0
Project("{2150E333-8FDC-42A3-9474-1A3956D46DE8}") = "shared", "shared", "{528F8ADB-6D33-40B2-BA4B-0AA94E66DE98}"
EndProject
Project("{FAE04EC0-301F-11D3-BF4B-00C04F79EFBC}") = "xBDD.Test", "shared\xBDD.Test\xBDD.Test.csproj", "{E5DC909C-8CE9-4545-A768-7A78768D5CF9}"
EndProject
Project("{2150E333-8FDC-42A3-9474-1A3956D46DE8}") = "core", "core", "{56C7D2B0-4B37-458B-AEEB-8132899F4E33}"
EndProject
Project("{FAE04EC0-301F-11D3-BF4B-00C04F79EFBC}") = "xBDD.Core", "core\xBDD.Core\xBDD.Core.csproj", "{86EE17CB-8A3C-4F14-A552-321B94E1C31C}"
EndProject
Project("{FAE04EC0-301F-11D3-BF4B-00C04F79EFBC}") = "xBDD.Core.Features", "core\xBDD.Core.Features\xBDD.Core.Features.csproj", "{DB2C8B36-A39C-4237-BCA6-23F0EA748742}"
EndProject
Project("{2150E333-8FDC-42A3-9474-1A3956D46DE8}") = "reporting", "reporting", "{C672D9F4-F085-4339-A390-8F1202F795E5}"
EndProject
Project("{FAE04EC0-301F-11D3-BF4B-00C04F79EFBC}") = "xBDD.Reporting", "reporting\xBDD.Reporting\xBDD.Reporting.csproj", "{9DFA3D72-5BC4-4F1C-B8DF-3BAC98375BAA}"
EndProject
Project("{FAE04EC0-301F-11D3-BF4B-00C04F79EFBC}") = "xBDD.Reporting.Features", "reporting\xBDD.Reporting.Features\xBDD.Reporting.Features.csproj", "{A082F8DA-8185-4B13-9053-51383A4D6A3A}"
EndProject
Project("{2150E333-8FDC-42A3-9474-1A3956D46DE8}") = "reporting.database", "reporting.database", "{37234C79-2351-424E-8C09-CD9361DD7D85}"
EndProject
Project("{FAE04EC0-301F-11D3-BF4B-00C04F79EFBC}") = "xBDD.Reporting.Database", "reporting.database\xBDD.Reporting.Database\xBDD.Reporting.Database.csproj", "{2F9DADDB-57EF-47B9-91B3-56F62E72412B}"
EndProject
Project("{FAE04EC0-301F-11D3-BF4B-00C04F79EFBC}") = "xBDD.Reporting.Database.Test", "reporting.database\xBDD.Reporting.Database.Test\xBDD.Reporting.Database.Test.csproj", "{B91D83D0-FECA-4D0B-B877-F38974AAB745}"
EndProject
Global
	GlobalSection(SolutionConfigurationPlatforms) = preSolution
		Debug|Any CPU = Debug|Any CPU
		Debug|x64 = Debug|x64
		Debug|x86 = Debug|x86
		Release|Any CPU = Release|Any CPU
		Release|x64 = Release|x64
		Release|x86 = Release|x86
	EndGlobalSection
	GlobalSection(SolutionProperties) = preSolution
		HideSolutionNode = FALSE
	EndGlobalSection
	GlobalSection(ProjectConfigurationPlatforms) = postSolution
		{E5DC909C-8CE9-4545-A768-7A78768D5CF9}.Debug|Any CPU.ActiveCfg = Debug|Any CPU
		{E5DC909C-8CE9-4545-A768-7A78768D5CF9}.Debug|Any CPU.Build.0 = Debug|Any CPU
		{E5DC909C-8CE9-4545-A768-7A78768D5CF9}.Debug|x64.ActiveCfg = Debug|Any CPU
		{E5DC909C-8CE9-4545-A768-7A78768D5CF9}.Debug|x64.Build.0 = Debug|Any CPU
		{E5DC909C-8CE9-4545-A768-7A78768D5CF9}.Debug|x86.ActiveCfg = Debug|Any CPU
		{E5DC909C-8CE9-4545-A768-7A78768D5CF9}.Debug|x86.Build.0 = Debug|Any CPU
		{E5DC909C-8CE9-4545-A768-7A78768D5CF9}.Release|Any CPU.ActiveCfg = Release|Any CPU
		{E5DC909C-8CE9-4545-A768-7A78768D5CF9}.Release|Any CPU.Build.0 = Release|Any CPU
		{E5DC909C-8CE9-4545-A768-7A78768D5CF9}.Release|x64.ActiveCfg = Release|Any CPU
		{E5DC909C-8CE9-4545-A768-7A78768D5CF9}.Release|x64.Build.0 = Release|Any CPU
		{E5DC909C-8CE9-4545-A768-7A78768D5CF9}.Release|x86.ActiveCfg = Release|Any CPU
		{E5DC909C-8CE9-4545-A768-7A78768D5CF9}.Release|x86.Build.0 = Release|Any CPU
		{86EE17CB-8A3C-4F14-A552-321B94E1C31C}.Debug|Any CPU.ActiveCfg = Debug|Any CPU
		{86EE17CB-8A3C-4F14-A552-321B94E1C31C}.Debug|Any CPU.Build.0 = Debug|Any CPU
		{86EE17CB-8A3C-4F14-A552-321B94E1C31C}.Debug|x64.ActiveCfg = Debug|Any CPU
		{86EE17CB-8A3C-4F14-A552-321B94E1C31C}.Debug|x64.Build.0 = Debug|Any CPU
		{86EE17CB-8A3C-4F14-A552-321B94E1C31C}.Debug|x86.ActiveCfg = Debug|Any CPU
		{86EE17CB-8A3C-4F14-A552-321B94E1C31C}.Debug|x86.Build.0 = Debug|Any CPU
		{86EE17CB-8A3C-4F14-A552-321B94E1C31C}.Release|Any CPU.ActiveCfg = Release|Any CPU
		{86EE17CB-8A3C-4F14-A552-321B94E1C31C}.Release|Any CPU.Build.0 = Release|Any CPU
		{86EE17CB-8A3C-4F14-A552-321B94E1C31C}.Release|x64.ActiveCfg = Release|Any CPU
		{86EE17CB-8A3C-4F14-A552-321B94E1C31C}.Release|x64.Build.0 = Release|Any CPU
		{86EE17CB-8A3C-4F14-A552-321B94E1C31C}.Release|x86.ActiveCfg = Release|Any CPU
		{86EE17CB-8A3C-4F14-A552-321B94E1C31C}.Release|x86.Build.0 = Release|Any CPU
		{DB2C8B36-A39C-4237-BCA6-23F0EA748742}.Debug|Any CPU.ActiveCfg = Debug|Any CPU
		{DB2C8B36-A39C-4237-BCA6-23F0EA748742}.Debug|Any CPU.Build.0 = Debug|Any CPU
		{DB2C8B36-A39C-4237-BCA6-23F0EA748742}.Debug|x64.ActiveCfg = Debug|Any CPU
		{DB2C8B36-A39C-4237-BCA6-23F0EA748742}.Debug|x64.Build.0 = Debug|Any CPU
		{DB2C8B36-A39C-4237-BCA6-23F0EA748742}.Debug|x86.ActiveCfg = Debug|Any CPU
		{DB2C8B36-A39C-4237-BCA6-23F0EA748742}.Debug|x86.Build.0 = Debug|Any CPU
		{DB2C8B36-A39C-4237-BCA6-23F0EA748742}.Release|Any CPU.ActiveCfg = Release|Any CPU
		{DB2C8B36-A39C-4237-BCA6-23F0EA748742}.Release|Any CPU.Build.0 = Release|Any CPU
		{DB2C8B36-A39C-4237-BCA6-23F0EA748742}.Release|x64.ActiveCfg = Release|Any CPU
		{DB2C8B36-A39C-4237-BCA6-23F0EA748742}.Release|x64.Build.0 = Release|Any CPU
		{DB2C8B36-A39C-4237-BCA6-23F0EA748742}.Release|x86.ActiveCfg = Release|Any CPU
		{DB2C8B36-A39C-4237-BCA6-23F0EA748742}.Release|x86.Build.0 = Release|Any CPU
		{9DFA3D72-5BC4-4F1C-B8DF-3BAC98375BAA}.Debug|Any CPU.ActiveCfg = Debug|Any CPU
		{9DFA3D72-5BC4-4F1C-B8DF-3BAC98375BAA}.Debug|Any CPU.Build.0 = Debug|Any CPU
		{9DFA3D72-5BC4-4F1C-B8DF-3BAC98375BAA}.Debug|x64.ActiveCfg = Debug|Any CPU
		{9DFA3D72-5BC4-4F1C-B8DF-3BAC98375BAA}.Debug|x64.Build.0 = Debug|Any CPU
		{9DFA3D72-5BC4-4F1C-B8DF-3BAC98375BAA}.Debug|x86.ActiveCfg = Debug|Any CPU
		{9DFA3D72-5BC4-4F1C-B8DF-3BAC98375BAA}.Debug|x86.Build.0 = Debug|Any CPU
		{9DFA3D72-5BC4-4F1C-B8DF-3BAC98375BAA}.Release|Any CPU.ActiveCfg = Release|Any CPU
		{9DFA3D72-5BC4-4F1C-B8DF-3BAC98375BAA}.Release|Any CPU.Build.0 = Release|Any CPU
		{9DFA3D72-5BC4-4F1C-B8DF-3BAC98375BAA}.Release|x64.ActiveCfg = Release|Any CPU
		{9DFA3D72-5BC4-4F1C-B8DF-3BAC98375BAA}.Release|x64.Build.0 = Release|Any CPU
		{9DFA3D72-5BC4-4F1C-B8DF-3BAC98375BAA}.Release|x86.ActiveCfg = Release|Any CPU
		{9DFA3D72-5BC4-4F1C-B8DF-3BAC98375BAA}.Release|x86.Build.0 = Release|Any CPU
		{A082F8DA-8185-4B13-9053-51383A4D6A3A}.Debug|Any CPU.ActiveCfg = Debug|Any CPU
		{A082F8DA-8185-4B13-9053-51383A4D6A3A}.Debug|Any CPU.Build.0 = Debug|Any CPU
		{A082F8DA-8185-4B13-9053-51383A4D6A3A}.Debug|x64.ActiveCfg = Debug|Any CPU
		{A082F8DA-8185-4B13-9053-51383A4D6A3A}.Debug|x64.Build.0 = Debug|Any CPU
		{A082F8DA-8185-4B13-9053-51383A4D6A3A}.Debug|x86.ActiveCfg = Debug|Any CPU
		{A082F8DA-8185-4B13-9053-51383A4D6A3A}.Debug|x86.Build.0 = Debug|Any CPU
		{A082F8DA-8185-4B13-9053-51383A4D6A3A}.Release|Any CPU.ActiveCfg = Release|Any CPU
		{A082F8DA-8185-4B13-9053-51383A4D6A3A}.Release|Any CPU.Build.0 = Release|Any CPU
		{A082F8DA-8185-4B13-9053-51383A4D6A3A}.Release|x64.ActiveCfg = Release|Any CPU
		{A082F8DA-8185-4B13-9053-51383A4D6A3A}.Release|x64.Build.0 = Release|Any CPU
		{A082F8DA-8185-4B13-9053-51383A4D6A3A}.Release|x86.ActiveCfg = Release|Any CPU
		{A082F8DA-8185-4B13-9053-51383A4D6A3A}.Release|x86.Build.0 = Release|Any CPU
		{2F9DADDB-57EF-47B9-91B3-56F62E72412B}.Debug|Any CPU.ActiveCfg = Debug|Any CPU
		{2F9DADDB-57EF-47B9-91B3-56F62E72412B}.Debug|Any CPU.Build.0 = Debug|Any CPU
		{2F9DADDB-57EF-47B9-91B3-56F62E72412B}.Debug|x64.ActiveCfg = Debug|Any CPU
		{2F9DADDB-57EF-47B9-91B3-56F62E72412B}.Debug|x64.Build.0 = Debug|Any CPU
		{2F9DADDB-57EF-47B9-91B3-56F62E72412B}.Debug|x86.ActiveCfg = Debug|Any CPU
		{2F9DADDB-57EF-47B9-91B3-56F62E72412B}.Debug|x86.Build.0 = Debug|Any CPU
		{2F9DADDB-57EF-47B9-91B3-56F62E72412B}.Release|Any CPU.ActiveCfg = Release|Any CPU
		{2F9DADDB-57EF-47B9-91B3-56F62E72412B}.Release|Any CPU.Build.0 = Release|Any CPU
		{2F9DADDB-57EF-47B9-91B3-56F62E72412B}.Release|x64.ActiveCfg = Release|Any CPU
		{2F9DADDB-57EF-47B9-91B3-56F62E72412B}.Release|x64.Build.0 = Release|Any CPU
		{2F9DADDB-57EF-47B9-91B3-56F62E72412B}.Release|x86.ActiveCfg = Release|Any CPU
		{2F9DADDB-57EF-47B9-91B3-56F62E72412B}.Release|x86.Build.0 = Release|Any CPU
		{B91D83D0-FECA-4D0B-B877-F38974AAB745}.Debug|Any CPU.ActiveCfg = Debug|Any CPU
		{B91D83D0-FECA-4D0B-B877-F38974AAB745}.Debug|Any CPU.Build.0 = Debug|Any CPU
		{B91D83D0-FECA-4D0B-B877-F38974AAB745}.Debug|x64.ActiveCfg = Debug|Any CPU
		{B91D83D0-FECA-4D0B-B877-F38974AAB745}.Debug|x64.Build.0 = Debug|Any CPU
		{B91D83D0-FECA-4D0B-B877-F38974AAB745}.Debug|x86.ActiveCfg = Debug|Any CPU
		{B91D83D0-FECA-4D0B-B877-F38974AAB745}.Debug|x86.Build.0 = Debug|Any CPU
		{B91D83D0-FECA-4D0B-B877-F38974AAB745}.Release|Any CPU.ActiveCfg = Release|Any CPU
		{B91D83D0-FECA-4D0B-B877-F38974AAB745}.Release|Any CPU.Build.0 = Release|Any CPU
		{B91D83D0-FECA-4D0B-B877-F38974AAB745}.Release|x64.ActiveCfg = Release|Any CPU
		{B91D83D0-FECA-4D0B-B877-F38974AAB745}.Release|x64.Build.0 = Release|Any CPU
		{B91D83D0-FECA-4D0B-B877-F38974AAB745}.Release|x86.ActiveCfg = Release|Any CPU
		{B91D83D0-FECA-4D0B-B877-F38974AAB745}.Release|x86.Build.0 = Release|Any CPU
	EndGlobalSection
	GlobalSection(NestedProjects) = preSolution
		{E5DC909C-8CE9-4545-A768-7A78768D5CF9} = {528F8ADB-6D33-40B2-BA4B-0AA94E66DE98}
		{86EE17CB-8A3C-4F14-A552-321B94E1C31C} = {56C7D2B0-4B37-458B-AEEB-8132899F4E33}
		{DB2C8B36-A39C-4237-BCA6-23F0EA748742} = {56C7D2B0-4B37-458B-AEEB-8132899F4E33}
		{9DFA3D72-5BC4-4F1C-B8DF-3BAC98375BAA} = {C672D9F4-F085-4339-A390-8F1202F795E5}
		{A082F8DA-8185-4B13-9053-51383A4D6A3A} = {C672D9F4-F085-4339-A390-8F1202F795E5}
		{2F9DADDB-57EF-47B9-91B3-56F62E72412B} = {37234C79-2351-424E-8C09-CD9361DD7D85}
		{B91D83D0-FECA-4D0B-B877-F38974AAB745} = {37234C79-2351-424E-8C09-CD9361DD7D85}
	EndGlobalSection
EndGlobal
