
Microsoft Visual Studio Solution File, Format Version 12.00
# Visual Studio 15
VisualStudioVersion = 15.0.26124.0
MinimumVisualStudioVersion = 15.0.26124.0
Project("{2150E333-8FDC-42A3-9474-1A3956D46DE8}") = "test", "test", "{C7DB2431-CF69-4D45-8865-C5D776A72409}"
EndProject
Project("{FAE04EC0-301F-11D3-BF4B-00C04F79EFBC}") = "xBDD.SampleApp", "test\xBDD.SampleApp\xBDD.SampleApp.csproj", "{C1CE4018-7F83-4711-B82D-60A3BB77B5BB}"
EndProject
Project("{FAE04EC0-301F-11D3-BF4B-00C04F79EFBC}") = "xBDD.SampleApp.Test", "test\xBDD.SampleApp.Test\xBDD.SampleApp.Test.csproj", "{83129FE4-444A-4AC7-B001-86F917E287AC}"
EndProject
Project("{2150E333-8FDC-42A3-9474-1A3956D46DE8}") = "src", "src", "{E2E89816-6CE9-4933-B2A0-496835C59579}"
EndProject
Project("{FAE04EC0-301F-11D3-BF4B-00C04F79EFBC}") = "xBDD.Core", "src\xBDD.Core\xBDD.Core.csproj", "{CEB33ADD-84D8-4C46-BEAD-FBF02CA485CC}"
EndProject
Project("{FAE04EC0-301F-11D3-BF4B-00C04F79EFBC}") = "xBDD.Browser", "src\xBDD.Browser\xBDD.Browser.csproj", "{DCEB9AC1-57C6-40C3-B2D0-CAB7D4722AF0}"
EndProject
Project("{FAE04EC0-301F-11D3-BF4B-00C04F79EFBC}") = "xBDD.Reporting", "src\xBDD.Reporting\xBDD.Reporting.csproj", "{3B47F0B2-F94A-4206-96CD-444102A83780}"
EndProject
Project("{FAE04EC0-301F-11D3-BF4B-00C04F79EFBC}") = "xBDD.Test", "test\xBDD.Test\xBDD.Test.csproj", "{EDB55C94-CD03-40BF-B5F3-1C91154F7214}"
EndProject
Project("{FAE04EC0-301F-11D3-BF4B-00C04F79EFBC}") = "xBDD.Core.Test", "test\xBDD.Core.Test\xBDD.Core.Test.csproj", "{64B774A2-4066-424C-8C80-00A9943F697C}"
EndProject
Project("{FAE04EC0-301F-11D3-BF4B-00C04F79EFBC}") = "xBDD.Reporting.Test", "test\xBDD.Reporting.Test\xBDD.Reporting.Test.csproj", "{335D7A1D-7475-4DCB-90FD-30779EF72BE3}"
EndProject
Project("{FAE04EC0-301F-11D3-BF4B-00C04F79EFBC}") = "xBDD.Reporting.Database", "src\xBDD.Reporting.Database\xBDD.Reporting.Database.csproj", "{9BEE86E9-B843-4E28-A1D2-259F769BCD00}"
EndProject
Project("{FAE04EC0-301F-11D3-BF4B-00C04F79EFBC}") = "xBDD.Reporting.Service", "src\xBDD.Reporting.Service\xBDD.Reporting.Service.csproj", "{69EB5C39-C0E7-4C75-8C86-812F3EFABFD5}"
EndProject
Project("{FAE04EC0-301F-11D3-BF4B-00C04F79EFBC}") = "xBDD.API.Model", "src\xBDD.API.Model\xBDD.API.Model.csproj", "{94489A68-1150-4A61-BC59-110CAB2719DA}"
EndProject
Project("{FAE04EC0-301F-11D3-BF4B-00C04F79EFBC}") = "xBDD.API.Publish", "src\xBDD.API.Publish\xBDD.API.Publish.csproj", "{FBC79486-C4F7-4219-9169-57F545332086}"
EndProject
Global
	GlobalSection(SolutionConfigurationPlatforms) = preSolution
		Debug|Any CPU = Debug|Any CPU
		Debug|x64 = Debug|x64
		Debug|x86 = Debug|x86
		Release|Any CPU = Release|Any CPU
		Release|x64 = Release|x64
		Release|x86 = Release|x86
	EndGlobalSection
	GlobalSection(SolutionProperties) = preSolution
		HideSolutionNode = FALSE
	EndGlobalSection
	GlobalSection(ProjectConfigurationPlatforms) = postSolution
		{C1CE4018-7F83-4711-B82D-60A3BB77B5BB}.Debug|Any CPU.ActiveCfg = Debug|Any CPU
		{C1CE4018-7F83-4711-B82D-60A3BB77B5BB}.Debug|Any CPU.Build.0 = Debug|Any CPU
		{C1CE4018-7F83-4711-B82D-60A3BB77B5BB}.Debug|x64.ActiveCfg = Debug|x64
		{C1CE4018-7F83-4711-B82D-60A3BB77B5BB}.Debug|x64.Build.0 = Debug|x64
		{C1CE4018-7F83-4711-B82D-60A3BB77B5BB}.Debug|x86.ActiveCfg = Debug|x86
		{C1CE4018-7F83-4711-B82D-60A3BB77B5BB}.Debug|x86.Build.0 = Debug|x86
		{C1CE4018-7F83-4711-B82D-60A3BB77B5BB}.Release|Any CPU.ActiveCfg = Release|Any CPU
		{C1CE4018-7F83-4711-B82D-60A3BB77B5BB}.Release|Any CPU.Build.0 = Release|Any CPU
		{C1CE4018-7F83-4711-B82D-60A3BB77B5BB}.Release|x64.ActiveCfg = Release|x64
		{C1CE4018-7F83-4711-B82D-60A3BB77B5BB}.Release|x64.Build.0 = Release|x64
		{C1CE4018-7F83-4711-B82D-60A3BB77B5BB}.Release|x86.ActiveCfg = Release|x86
		{C1CE4018-7F83-4711-B82D-60A3BB77B5BB}.Release|x86.Build.0 = Release|x86
		{83129FE4-444A-4AC7-B001-86F917E287AC}.Debug|Any CPU.ActiveCfg = Debug|Any CPU
		{83129FE4-444A-4AC7-B001-86F917E287AC}.Debug|Any CPU.Build.0 = Debug|Any CPU
		{83129FE4-444A-4AC7-B001-86F917E287AC}.Debug|x64.ActiveCfg = Debug|x64
		{83129FE4-444A-4AC7-B001-86F917E287AC}.Debug|x64.Build.0 = Debug|x64
		{83129FE4-444A-4AC7-B001-86F917E287AC}.Debug|x86.ActiveCfg = Debug|x86
		{83129FE4-444A-4AC7-B001-86F917E287AC}.Debug|x86.Build.0 = Debug|x86
		{83129FE4-444A-4AC7-B001-86F917E287AC}.Release|Any CPU.ActiveCfg = Release|Any CPU
		{83129FE4-444A-4AC7-B001-86F917E287AC}.Release|Any CPU.Build.0 = Release|Any CPU
		{83129FE4-444A-4AC7-B001-86F917E287AC}.Release|x64.ActiveCfg = Release|x64
		{83129FE4-444A-4AC7-B001-86F917E287AC}.Release|x64.Build.0 = Release|x64
		{83129FE4-444A-4AC7-B001-86F917E287AC}.Release|x86.ActiveCfg = Release|x86
		{83129FE4-444A-4AC7-B001-86F917E287AC}.Release|x86.Build.0 = Release|x86
		{CEB33ADD-84D8-4C46-BEAD-FBF02CA485CC}.Debug|Any CPU.ActiveCfg = Debug|Any CPU
		{CEB33ADD-84D8-4C46-BEAD-FBF02CA485CC}.Debug|Any CPU.Build.0 = Debug|Any CPU
		{CEB33ADD-84D8-4C46-BEAD-FBF02CA485CC}.Debug|x64.ActiveCfg = Debug|x64
		{CEB33ADD-84D8-4C46-BEAD-FBF02CA485CC}.Debug|x64.Build.0 = Debug|x64
		{CEB33ADD-84D8-4C46-BEAD-FBF02CA485CC}.Debug|x86.ActiveCfg = Debug|x86
		{CEB33ADD-84D8-4C46-BEAD-FBF02CA485CC}.Debug|x86.Build.0 = Debug|x86
		{CEB33ADD-84D8-4C46-BEAD-FBF02CA485CC}.Release|Any CPU.ActiveCfg = Release|Any CPU
		{CEB33ADD-84D8-4C46-BEAD-FBF02CA485CC}.Release|Any CPU.Build.0 = Release|Any CPU
		{CEB33ADD-84D8-4C46-BEAD-FBF02CA485CC}.Release|x64.ActiveCfg = Release|x64
		{CEB33ADD-84D8-4C46-BEAD-FBF02CA485CC}.Release|x64.Build.0 = Release|x64
		{CEB33ADD-84D8-4C46-BEAD-FBF02CA485CC}.Release|x86.ActiveCfg = Release|x86
		{CEB33ADD-84D8-4C46-BEAD-FBF02CA485CC}.Release|x86.Build.0 = Release|x86
		{DCEB9AC1-57C6-40C3-B2D0-CAB7D4722AF0}.Debug|Any CPU.ActiveCfg = Debug|Any CPU
		{DCEB9AC1-57C6-40C3-B2D0-CAB7D4722AF0}.Debug|Any CPU.Build.0 = Debug|Any CPU
		{DCEB9AC1-57C6-40C3-B2D0-CAB7D4722AF0}.Debug|x64.ActiveCfg = Debug|x64
		{DCEB9AC1-57C6-40C3-B2D0-CAB7D4722AF0}.Debug|x64.Build.0 = Debug|x64
		{DCEB9AC1-57C6-40C3-B2D0-CAB7D4722AF0}.Debug|x86.ActiveCfg = Debug|x86
		{DCEB9AC1-57C6-40C3-B2D0-CAB7D4722AF0}.Debug|x86.Build.0 = Debug|x86
		{DCEB9AC1-57C6-40C3-B2D0-CAB7D4722AF0}.Release|Any CPU.ActiveCfg = Release|Any CPU
		{DCEB9AC1-57C6-40C3-B2D0-CAB7D4722AF0}.Release|Any CPU.Build.0 = Release|Any CPU
		{DCEB9AC1-57C6-40C3-B2D0-CAB7D4722AF0}.Release|x64.ActiveCfg = Release|x64
		{DCEB9AC1-57C6-40C3-B2D0-CAB7D4722AF0}.Release|x64.Build.0 = Release|x64
		{DCEB9AC1-57C6-40C3-B2D0-CAB7D4722AF0}.Release|x86.ActiveCfg = Release|x86
		{DCEB9AC1-57C6-40C3-B2D0-CAB7D4722AF0}.Release|x86.Build.0 = Release|x86
		{3B47F0B2-F94A-4206-96CD-444102A83780}.Debug|Any CPU.ActiveCfg = Debug|Any CPU
		{3B47F0B2-F94A-4206-96CD-444102A83780}.Debug|Any CPU.Build.0 = Debug|Any CPU
		{3B47F0B2-F94A-4206-96CD-444102A83780}.Debug|x64.ActiveCfg = Debug|x64
		{3B47F0B2-F94A-4206-96CD-444102A83780}.Debug|x64.Build.0 = Debug|x64
		{3B47F0B2-F94A-4206-96CD-444102A83780}.Debug|x86.ActiveCfg = Debug|x86
		{3B47F0B2-F94A-4206-96CD-444102A83780}.Debug|x86.Build.0 = Debug|x86
		{3B47F0B2-F94A-4206-96CD-444102A83780}.Release|Any CPU.ActiveCfg = Release|Any CPU
		{3B47F0B2-F94A-4206-96CD-444102A83780}.Release|Any CPU.Build.0 = Release|Any CPU
		{3B47F0B2-F94A-4206-96CD-444102A83780}.Release|x64.ActiveCfg = Release|x64
		{3B47F0B2-F94A-4206-96CD-444102A83780}.Release|x64.Build.0 = Release|x64
		{3B47F0B2-F94A-4206-96CD-444102A83780}.Release|x86.ActiveCfg = Release|x86
		{3B47F0B2-F94A-4206-96CD-444102A83780}.Release|x86.Build.0 = Release|x86
		{EDB55C94-CD03-40BF-B5F3-1C91154F7214}.Debug|Any CPU.ActiveCfg = Debug|Any CPU
		{EDB55C94-CD03-40BF-B5F3-1C91154F7214}.Debug|Any CPU.Build.0 = Debug|Any CPU
		{EDB55C94-CD03-40BF-B5F3-1C91154F7214}.Debug|x64.ActiveCfg = Debug|x64
		{EDB55C94-CD03-40BF-B5F3-1C91154F7214}.Debug|x64.Build.0 = Debug|x64
		{EDB55C94-CD03-40BF-B5F3-1C91154F7214}.Debug|x86.ActiveCfg = Debug|x86
		{EDB55C94-CD03-40BF-B5F3-1C91154F7214}.Debug|x86.Build.0 = Debug|x86
		{EDB55C94-CD03-40BF-B5F3-1C91154F7214}.Release|Any CPU.ActiveCfg = Release|Any CPU
		{EDB55C94-CD03-40BF-B5F3-1C91154F7214}.Release|Any CPU.Build.0 = Release|Any CPU
		{EDB55C94-CD03-40BF-B5F3-1C91154F7214}.Release|x64.ActiveCfg = Release|x64
		{EDB55C94-CD03-40BF-B5F3-1C91154F7214}.Release|x64.Build.0 = Release|x64
		{EDB55C94-CD03-40BF-B5F3-1C91154F7214}.Release|x86.ActiveCfg = Release|x86
		{EDB55C94-CD03-40BF-B5F3-1C91154F7214}.Release|x86.Build.0 = Release|x86
		{64B774A2-4066-424C-8C80-00A9943F697C}.Debug|Any CPU.ActiveCfg = Debug|Any CPU
		{64B774A2-4066-424C-8C80-00A9943F697C}.Debug|Any CPU.Build.0 = Debug|Any CPU
		{64B774A2-4066-424C-8C80-00A9943F697C}.Debug|x64.ActiveCfg = Debug|x64
		{64B774A2-4066-424C-8C80-00A9943F697C}.Debug|x64.Build.0 = Debug|x64
		{64B774A2-4066-424C-8C80-00A9943F697C}.Debug|x86.ActiveCfg = Debug|x86
		{64B774A2-4066-424C-8C80-00A9943F697C}.Debug|x86.Build.0 = Debug|x86
		{64B774A2-4066-424C-8C80-00A9943F697C}.Release|Any CPU.ActiveCfg = Release|Any CPU
		{64B774A2-4066-424C-8C80-00A9943F697C}.Release|Any CPU.Build.0 = Release|Any CPU
		{64B774A2-4066-424C-8C80-00A9943F697C}.Release|x64.ActiveCfg = Release|x64
		{64B774A2-4066-424C-8C80-00A9943F697C}.Release|x64.Build.0 = Release|x64
		{64B774A2-4066-424C-8C80-00A9943F697C}.Release|x86.ActiveCfg = Release|x86
		{64B774A2-4066-424C-8C80-00A9943F697C}.Release|x86.Build.0 = Release|x86
		{335D7A1D-7475-4DCB-90FD-30779EF72BE3}.Debug|Any CPU.ActiveCfg = Debug|Any CPU
		{335D7A1D-7475-4DCB-90FD-30779EF72BE3}.Debug|Any CPU.Build.0 = Debug|Any CPU
		{335D7A1D-7475-4DCB-90FD-30779EF72BE3}.Debug|x64.ActiveCfg = Debug|x64
		{335D7A1D-7475-4DCB-90FD-30779EF72BE3}.Debug|x64.Build.0 = Debug|x64
		{335D7A1D-7475-4DCB-90FD-30779EF72BE3}.Debug|x86.ActiveCfg = Debug|x86
		{335D7A1D-7475-4DCB-90FD-30779EF72BE3}.Debug|x86.Build.0 = Debug|x86
		{335D7A1D-7475-4DCB-90FD-30779EF72BE3}.Release|Any CPU.ActiveCfg = Release|Any CPU
		{335D7A1D-7475-4DCB-90FD-30779EF72BE3}.Release|Any CPU.Build.0 = Release|Any CPU
		{335D7A1D-7475-4DCB-90FD-30779EF72BE3}.Release|x64.ActiveCfg = Release|x64
		{335D7A1D-7475-4DCB-90FD-30779EF72BE3}.Release|x64.Build.0 = Release|x64
		{335D7A1D-7475-4DCB-90FD-30779EF72BE3}.Release|x86.ActiveCfg = Release|x86
		{335D7A1D-7475-4DCB-90FD-30779EF72BE3}.Release|x86.Build.0 = Release|x86
		{9BEE86E9-B843-4E28-A1D2-259F769BCD00}.Debug|Any CPU.ActiveCfg = Debug|Any CPU
		{9BEE86E9-B843-4E28-A1D2-259F769BCD00}.Debug|Any CPU.Build.0 = Debug|Any CPU
		{9BEE86E9-B843-4E28-A1D2-259F769BCD00}.Debug|x64.ActiveCfg = Debug|x64
		{9BEE86E9-B843-4E28-A1D2-259F769BCD00}.Debug|x64.Build.0 = Debug|x64
		{9BEE86E9-B843-4E28-A1D2-259F769BCD00}.Debug|x86.ActiveCfg = Debug|x86
		{9BEE86E9-B843-4E28-A1D2-259F769BCD00}.Debug|x86.Build.0 = Debug|x86
		{9BEE86E9-B843-4E28-A1D2-259F769BCD00}.Release|Any CPU.ActiveCfg = Release|Any CPU
		{9BEE86E9-B843-4E28-A1D2-259F769BCD00}.Release|Any CPU.Build.0 = Release|Any CPU
		{9BEE86E9-B843-4E28-A1D2-259F769BCD00}.Release|x64.ActiveCfg = Release|x64
		{9BEE86E9-B843-4E28-A1D2-259F769BCD00}.Release|x64.Build.0 = Release|x64
		{9BEE86E9-B843-4E28-A1D2-259F769BCD00}.Release|x86.ActiveCfg = Release|x86
		{9BEE86E9-B843-4E28-A1D2-259F769BCD00}.Release|x86.Build.0 = Release|x86
		{69EB5C39-C0E7-4C75-8C86-812F3EFABFD5}.Debug|Any CPU.ActiveCfg = Debug|Any CPU
		{69EB5C39-C0E7-4C75-8C86-812F3EFABFD5}.Debug|Any CPU.Build.0 = Debug|Any CPU
		{69EB5C39-C0E7-4C75-8C86-812F3EFABFD5}.Debug|x64.ActiveCfg = Debug|x64
		{69EB5C39-C0E7-4C75-8C86-812F3EFABFD5}.Debug|x64.Build.0 = Debug|x64
		{69EB5C39-C0E7-4C75-8C86-812F3EFABFD5}.Debug|x86.ActiveCfg = Debug|x86
		{69EB5C39-C0E7-4C75-8C86-812F3EFABFD5}.Debug|x86.Build.0 = Debug|x86
		{69EB5C39-C0E7-4C75-8C86-812F3EFABFD5}.Release|Any CPU.ActiveCfg = Release|Any CPU
		{69EB5C39-C0E7-4C75-8C86-812F3EFABFD5}.Release|Any CPU.Build.0 = Release|Any CPU
		{69EB5C39-C0E7-4C75-8C86-812F3EFABFD5}.Release|x64.ActiveCfg = Release|x64
		{69EB5C39-C0E7-4C75-8C86-812F3EFABFD5}.Release|x64.Build.0 = Release|x64
		{69EB5C39-C0E7-4C75-8C86-812F3EFABFD5}.Release|x86.ActiveCfg = Release|x86
		{69EB5C39-C0E7-4C75-8C86-812F3EFABFD5}.Release|x86.Build.0 = Release|x86
		{94489A68-1150-4A61-BC59-110CAB2719DA}.Debug|Any CPU.ActiveCfg = Debug|Any CPU
		{94489A68-1150-4A61-BC59-110CAB2719DA}.Debug|Any CPU.Build.0 = Debug|Any CPU
		{94489A68-1150-4A61-BC59-110CAB2719DA}.Debug|x64.ActiveCfg = Debug|x64
		{94489A68-1150-4A61-BC59-110CAB2719DA}.Debug|x64.Build.0 = Debug|x64
		{94489A68-1150-4A61-BC59-110CAB2719DA}.Debug|x86.ActiveCfg = Debug|x86
		{94489A68-1150-4A61-BC59-110CAB2719DA}.Debug|x86.Build.0 = Debug|x86
		{94489A68-1150-4A61-BC59-110CAB2719DA}.Release|Any CPU.ActiveCfg = Release|Any CPU
		{94489A68-1150-4A61-BC59-110CAB2719DA}.Release|Any CPU.Build.0 = Release|Any CPU
		{94489A68-1150-4A61-BC59-110CAB2719DA}.Release|x64.ActiveCfg = Release|x64
		{94489A68-1150-4A61-BC59-110CAB2719DA}.Release|x64.Build.0 = Release|x64
		{94489A68-1150-4A61-BC59-110CAB2719DA}.Release|x86.ActiveCfg = Release|x86
		{94489A68-1150-4A61-BC59-110CAB2719DA}.Release|x86.Build.0 = Release|x86
		{FBC79486-C4F7-4219-9169-57F545332086}.Debug|Any CPU.ActiveCfg = Debug|Any CPU
		{FBC79486-C4F7-4219-9169-57F545332086}.Debug|Any CPU.Build.0 = Debug|Any CPU
		{FBC79486-C4F7-4219-9169-57F545332086}.Debug|x64.ActiveCfg = Debug|x64
		{FBC79486-C4F7-4219-9169-57F545332086}.Debug|x64.Build.0 = Debug|x64
		{FBC79486-C4F7-4219-9169-57F545332086}.Debug|x86.ActiveCfg = Debug|x86
		{FBC79486-C4F7-4219-9169-57F545332086}.Debug|x86.Build.0 = Debug|x86
		{FBC79486-C4F7-4219-9169-57F545332086}.Release|Any CPU.ActiveCfg = Release|Any CPU
		{FBC79486-C4F7-4219-9169-57F545332086}.Release|Any CPU.Build.0 = Release|Any CPU
		{FBC79486-C4F7-4219-9169-57F545332086}.Release|x64.ActiveCfg = Release|x64
		{FBC79486-C4F7-4219-9169-57F545332086}.Release|x64.Build.0 = Release|x64
		{FBC79486-C4F7-4219-9169-57F545332086}.Release|x86.ActiveCfg = Release|x86
		{FBC79486-C4F7-4219-9169-57F545332086}.Release|x86.Build.0 = Release|x86
	EndGlobalSection
	GlobalSection(NestedProjects) = preSolution
		{C1CE4018-7F83-4711-B82D-60A3BB77B5BB} = {C7DB2431-CF69-4D45-8865-C5D776A72409}
		{83129FE4-444A-4AC7-B001-86F917E287AC} = {C7DB2431-CF69-4D45-8865-C5D776A72409}
		{CEB33ADD-84D8-4C46-BEAD-FBF02CA485CC} = {E2E89816-6CE9-4933-B2A0-496835C59579}
		{DCEB9AC1-57C6-40C3-B2D0-CAB7D4722AF0} = {E2E89816-6CE9-4933-B2A0-496835C59579}
		{3B47F0B2-F94A-4206-96CD-444102A83780} = {E2E89816-6CE9-4933-B2A0-496835C59579}
		{EDB55C94-CD03-40BF-B5F3-1C91154F7214} = {C7DB2431-CF69-4D45-8865-C5D776A72409}
		{64B774A2-4066-424C-8C80-00A9943F697C} = {C7DB2431-CF69-4D45-8865-C5D776A72409}
		{335D7A1D-7475-4DCB-90FD-30779EF72BE3} = {C7DB2431-CF69-4D45-8865-C5D776A72409}
		{9BEE86E9-B843-4E28-A1D2-259F769BCD00} = {E2E89816-6CE9-4933-B2A0-496835C59579}
		{69EB5C39-C0E7-4C75-8C86-812F3EFABFD5} = {E2E89816-6CE9-4933-B2A0-496835C59579}
		{94489A68-1150-4A61-BC59-110CAB2719DA} = {E2E89816-6CE9-4933-B2A0-496835C59579}
		{FBC79486-C4F7-4219-9169-57F545332086} = {E2E89816-6CE9-4933-B2A0-496835C59579}
	EndGlobalSection
EndGlobal
