
Microsoft Visual Studio Solution File, Format Version 12.00
# Visual Studio 15
VisualStudioVersion = 15.0.27004.2009
MinimumVisualStudioVersion = 10.0.40219.1
Project("{2150E333-8FDC-42A3-9474-1A3956D46DE8}") = "src", "src", "{964E7D4F-0698-4484-A95F-C0731168FFBB}"
EndProject
Project("{9A19103F-16F7-4668-BE54-9A1E7A4F7556}") = "xBDD.Core", "src\xBDD.Core\xBDD.Core.csproj", "{04356791-1D17-442C-A9EB-C61A8B2ED876}"
EndProject
Project("{9A19103F-16F7-4668-BE54-9A1E7A4F7556}") = "xBDD.Reporting", "src\xBDD.Reporting\xBDD.Reporting.csproj", "{6380030F-4512-4257-BEE6-78EB106C2E26}"
EndProject
Project("{2150E333-8FDC-42A3-9474-1A3956D46DE8}") = "test", "test", "{58B20B1E-9920-4D31-9203-F6866CF279E9}"
EndProject
Project("{9A19103F-16F7-4668-BE54-9A1E7A4F7556}") = "xBDD.Test", "test\xBDD.Test\xBDD.Test.csproj", "{752CEEE4-8738-40AE-9E77-801B64F13F82}"
EndProject
Project("{9A19103F-16F7-4668-BE54-9A1E7A4F7556}") = "xBDD.Reporting.Database", "src\xBDD.Reporting.Database\xBDD.Reporting.Database.csproj", "{19CDA7A2-A79B-4970-B811-0F2AD5C8002C}"
EndProject
Project("{9A19103F-16F7-4668-BE54-9A1E7A4F7556}") = "xBDD.Browser", "src\xBDD.Browser\xBDD.Browser.csproj", "{73551277-2394-4118-AD23-4DA61AA2BCD2}"
EndProject
Project("{9A19103F-16F7-4668-BE54-9A1E7A4F7556}") = "xBDD.Reporting.Test", "test\xBDD.Reporting.Test\xBDD.Reporting.Test.csproj", "{C105CD9B-35F1-4200-B3A6-C23F47832CBD}"
EndProject
Project("{9A19103F-16F7-4668-BE54-9A1E7A4F7556}") = "xBDD.Core.Test", "test\xBDD.Core.Test\xBDD.Core.Test.csproj", "{0826A833-9F1E-4526-9546-D20C3D555964}"
EndProject
Global
	GlobalSection(Performance) = preSolution
		HasPerformanceSessions = true
	EndGlobalSection
	GlobalSection(SolutionConfigurationPlatforms) = preSolution
		Debug|Any CPU = Debug|Any CPU
		Debug|x64 = Debug|x64
		Debug|x86 = Debug|x86
		Release|Any CPU = Release|Any CPU
		Release|x64 = Release|x64
		Release|x86 = Release|x86
	EndGlobalSection
	GlobalSection(ProjectConfigurationPlatforms) = postSolution
		{04356791-1D17-442C-A9EB-C61A8B2ED876}.Debug|Any CPU.ActiveCfg = Debug|Any CPU
		{04356791-1D17-442C-A9EB-C61A8B2ED876}.Debug|Any CPU.Build.0 = Debug|Any CPU
		{04356791-1D17-442C-A9EB-C61A8B2ED876}.Debug|x64.ActiveCfg = Debug|Any CPU
		{04356791-1D17-442C-A9EB-C61A8B2ED876}.Debug|x64.Build.0 = Debug|Any CPU
		{04356791-1D17-442C-A9EB-C61A8B2ED876}.Debug|x86.ActiveCfg = Debug|Any CPU
		{04356791-1D17-442C-A9EB-C61A8B2ED876}.Debug|x86.Build.0 = Debug|Any CPU
		{04356791-1D17-442C-A9EB-C61A8B2ED876}.Release|Any CPU.ActiveCfg = Debug|Any CPU
		{04356791-1D17-442C-A9EB-C61A8B2ED876}.Release|Any CPU.Build.0 = Debug|Any CPU
		{04356791-1D17-442C-A9EB-C61A8B2ED876}.Release|x64.ActiveCfg = Debug|Any CPU
		{04356791-1D17-442C-A9EB-C61A8B2ED876}.Release|x64.Build.0 = Debug|Any CPU
		{04356791-1D17-442C-A9EB-C61A8B2ED876}.Release|x86.ActiveCfg = Debug|Any CPU
		{04356791-1D17-442C-A9EB-C61A8B2ED876}.Release|x86.Build.0 = Debug|Any CPU
		{6380030F-4512-4257-BEE6-78EB106C2E26}.Debug|Any CPU.ActiveCfg = Debug|Any CPU
		{6380030F-4512-4257-BEE6-78EB106C2E26}.Debug|Any CPU.Build.0 = Debug|Any CPU
		{6380030F-4512-4257-BEE6-78EB106C2E26}.Debug|x64.ActiveCfg = Debug|Any CPU
		{6380030F-4512-4257-BEE6-78EB106C2E26}.Debug|x64.Build.0 = Debug|Any CPU
		{6380030F-4512-4257-BEE6-78EB106C2E26}.Debug|x86.ActiveCfg = Debug|Any CPU
		{6380030F-4512-4257-BEE6-78EB106C2E26}.Debug|x86.Build.0 = Debug|Any CPU
		{6380030F-4512-4257-BEE6-78EB106C2E26}.Release|Any CPU.ActiveCfg = Debug|Any CPU
		{6380030F-4512-4257-BEE6-78EB106C2E26}.Release|Any CPU.Build.0 = Debug|Any CPU
		{6380030F-4512-4257-BEE6-78EB106C2E26}.Release|x64.ActiveCfg = Debug|Any CPU
		{6380030F-4512-4257-BEE6-78EB106C2E26}.Release|x64.Build.0 = Debug|Any CPU
		{6380030F-4512-4257-BEE6-78EB106C2E26}.Release|x86.ActiveCfg = Debug|Any CPU
		{6380030F-4512-4257-BEE6-78EB106C2E26}.Release|x86.Build.0 = Debug|Any CPU
		{752CEEE4-8738-40AE-9E77-801B64F13F82}.Debug|Any CPU.ActiveCfg = Debug|Any CPU
		{752CEEE4-8738-40AE-9E77-801B64F13F82}.Debug|Any CPU.Build.0 = Debug|Any CPU
		{752CEEE4-8738-40AE-9E77-801B64F13F82}.Debug|x64.ActiveCfg = Debug|Any CPU
		{752CEEE4-8738-40AE-9E77-801B64F13F82}.Debug|x64.Build.0 = Debug|Any CPU
		{752CEEE4-8738-40AE-9E77-801B64F13F82}.Debug|x86.ActiveCfg = Debug|Any CPU
		{752CEEE4-8738-40AE-9E77-801B64F13F82}.Debug|x86.Build.0 = Debug|Any CPU
		{752CEEE4-8738-40AE-9E77-801B64F13F82}.Release|Any CPU.ActiveCfg = Debug|Any CPU
		{752CEEE4-8738-40AE-9E77-801B64F13F82}.Release|Any CPU.Build.0 = Debug|Any CPU
		{752CEEE4-8738-40AE-9E77-801B64F13F82}.Release|x64.ActiveCfg = Debug|Any CPU
		{752CEEE4-8738-40AE-9E77-801B64F13F82}.Release|x64.Build.0 = Debug|Any CPU
		{752CEEE4-8738-40AE-9E77-801B64F13F82}.Release|x86.ActiveCfg = Debug|Any CPU
		{752CEEE4-8738-40AE-9E77-801B64F13F82}.Release|x86.Build.0 = Debug|Any CPU
		{19CDA7A2-A79B-4970-B811-0F2AD5C8002C}.Debug|Any CPU.ActiveCfg = Debug|Any CPU
		{19CDA7A2-A79B-4970-B811-0F2AD5C8002C}.Debug|Any CPU.Build.0 = Debug|Any CPU
		{19CDA7A2-A79B-4970-B811-0F2AD5C8002C}.Debug|x64.ActiveCfg = Debug|Any CPU
		{19CDA7A2-A79B-4970-B811-0F2AD5C8002C}.Debug|x64.Build.0 = Debug|Any CPU
		{19CDA7A2-A79B-4970-B811-0F2AD5C8002C}.Debug|x86.ActiveCfg = Debug|Any CPU
		{19CDA7A2-A79B-4970-B811-0F2AD5C8002C}.Debug|x86.Build.0 = Debug|Any CPU
		{19CDA7A2-A79B-4970-B811-0F2AD5C8002C}.Release|Any CPU.ActiveCfg = Debug|Any CPU
		{19CDA7A2-A79B-4970-B811-0F2AD5C8002C}.Release|Any CPU.Build.0 = Debug|Any CPU
		{19CDA7A2-A79B-4970-B811-0F2AD5C8002C}.Release|x64.ActiveCfg = Debug|Any CPU
		{19CDA7A2-A79B-4970-B811-0F2AD5C8002C}.Release|x64.Build.0 = Debug|Any CPU
		{19CDA7A2-A79B-4970-B811-0F2AD5C8002C}.Release|x86.ActiveCfg = Debug|Any CPU
		{19CDA7A2-A79B-4970-B811-0F2AD5C8002C}.Release|x86.Build.0 = Debug|Any CPU
		{73551277-2394-4118-AD23-4DA61AA2BCD2}.Debug|Any CPU.ActiveCfg = Debug|Any CPU
		{73551277-2394-4118-AD23-4DA61AA2BCD2}.Debug|Any CPU.Build.0 = Debug|Any CPU
		{73551277-2394-4118-AD23-4DA61AA2BCD2}.Debug|x64.ActiveCfg = Debug|Any CPU
		{73551277-2394-4118-AD23-4DA61AA2BCD2}.Debug|x64.Build.0 = Debug|Any CPU
		{73551277-2394-4118-AD23-4DA61AA2BCD2}.Debug|x86.ActiveCfg = Debug|Any CPU
		{73551277-2394-4118-AD23-4DA61AA2BCD2}.Debug|x86.Build.0 = Debug|Any CPU
		{73551277-2394-4118-AD23-4DA61AA2BCD2}.Release|Any CPU.ActiveCfg = Debug|Any CPU
		{73551277-2394-4118-AD23-4DA61AA2BCD2}.Release|Any CPU.Build.0 = Debug|Any CPU
		{73551277-2394-4118-AD23-4DA61AA2BCD2}.Release|x64.ActiveCfg = Debug|Any CPU
		{73551277-2394-4118-AD23-4DA61AA2BCD2}.Release|x64.Build.0 = Debug|Any CPU
		{73551277-2394-4118-AD23-4DA61AA2BCD2}.Release|x86.ActiveCfg = Debug|Any CPU
		{73551277-2394-4118-AD23-4DA61AA2BCD2}.Release|x86.Build.0 = Debug|Any CPU
		{C105CD9B-35F1-4200-B3A6-C23F47832CBD}.Debug|Any CPU.ActiveCfg = Debug|Any CPU
		{C105CD9B-35F1-4200-B3A6-C23F47832CBD}.Debug|Any CPU.Build.0 = Debug|Any CPU
		{C105CD9B-35F1-4200-B3A6-C23F47832CBD}.Debug|x64.ActiveCfg = Debug|Any CPU
		{C105CD9B-35F1-4200-B3A6-C23F47832CBD}.Debug|x64.Build.0 = Debug|Any CPU
		{C105CD9B-35F1-4200-B3A6-C23F47832CBD}.Debug|x86.ActiveCfg = Debug|Any CPU
		{C105CD9B-35F1-4200-B3A6-C23F47832CBD}.Debug|x86.Build.0 = Debug|Any CPU
		{C105CD9B-35F1-4200-B3A6-C23F47832CBD}.Release|Any CPU.ActiveCfg = Debug|Any CPU
		{C105CD9B-35F1-4200-B3A6-C23F47832CBD}.Release|Any CPU.Build.0 = Debug|Any CPU
		{C105CD9B-35F1-4200-B3A6-C23F47832CBD}.Release|x64.ActiveCfg = Debug|Any CPU
		{C105CD9B-35F1-4200-B3A6-C23F47832CBD}.Release|x64.Build.0 = Debug|Any CPU
		{C105CD9B-35F1-4200-B3A6-C23F47832CBD}.Release|x86.ActiveCfg = Debug|Any CPU
		{C105CD9B-35F1-4200-B3A6-C23F47832CBD}.Release|x86.Build.0 = Debug|Any CPU
		{0826A833-9F1E-4526-9546-D20C3D555964}.Debug|Any CPU.ActiveCfg = Debug|Any CPU
		{0826A833-9F1E-4526-9546-D20C3D555964}.Debug|Any CPU.Build.0 = Debug|Any CPU
		{0826A833-9F1E-4526-9546-D20C3D555964}.Debug|x64.ActiveCfg = Debug|Any CPU
		{0826A833-9F1E-4526-9546-D20C3D555964}.Debug|x64.Build.0 = Debug|Any CPU
		{0826A833-9F1E-4526-9546-D20C3D555964}.Debug|x86.ActiveCfg = Debug|Any CPU
		{0826A833-9F1E-4526-9546-D20C3D555964}.Debug|x86.Build.0 = Debug|Any CPU
		{0826A833-9F1E-4526-9546-D20C3D555964}.Release|Any CPU.ActiveCfg = Debug|Any CPU
		{0826A833-9F1E-4526-9546-D20C3D555964}.Release|Any CPU.Build.0 = Debug|Any CPU
		{0826A833-9F1E-4526-9546-D20C3D555964}.Release|x64.ActiveCfg = Debug|Any CPU
		{0826A833-9F1E-4526-9546-D20C3D555964}.Release|x64.Build.0 = Debug|Any CPU
		{0826A833-9F1E-4526-9546-D20C3D555964}.Release|x86.ActiveCfg = Debug|Any CPU
		{0826A833-9F1E-4526-9546-D20C3D555964}.Release|x86.Build.0 = Debug|Any CPU
	EndGlobalSection
	GlobalSection(SolutionProperties) = preSolution
		HideSolutionNode = FALSE
	EndGlobalSection
	GlobalSection(NestedProjects) = preSolution
		{04356791-1D17-442C-A9EB-C61A8B2ED876} = {964E7D4F-0698-4484-A95F-C0731168FFBB}
		{6380030F-4512-4257-BEE6-78EB106C2E26} = {964E7D4F-0698-4484-A95F-C0731168FFBB}
		{752CEEE4-8738-40AE-9E77-801B64F13F82} = {58B20B1E-9920-4D31-9203-F6866CF279E9}
		{19CDA7A2-A79B-4970-B811-0F2AD5C8002C} = {964E7D4F-0698-4484-A95F-C0731168FFBB}
		{73551277-2394-4118-AD23-4DA61AA2BCD2} = {964E7D4F-0698-4484-A95F-C0731168FFBB}
		{C105CD9B-35F1-4200-B3A6-C23F47832CBD} = {58B20B1E-9920-4D31-9203-F6866CF279E9}
		{0826A833-9F1E-4526-9546-D20C3D555964} = {58B20B1E-9920-4D31-9203-F6866CF279E9}
	EndGlobalSection
	GlobalSection(ExtensibilityGlobals) = postSolution
		SolutionGuid = {A5B4AD01-F55C-4A23-AFB0-8B72DB3C45D7}
	EndGlobalSection
	GlobalSection(Performance) = preSolution
		HasPerformanceSessions = true
	EndGlobalSection
	GlobalSection(Performance) = preSolution
		HasPerformanceSessions = true
	EndGlobalSection
EndGlobal
