
Microsoft Visual Studio Solution File, Format Version 12.00
# Visual Studio 14
VisualStudioVersion = 14.0.23107.0
MinimumVisualStudioVersion = 10.0.40219.1
Project("{2150E333-8FDC-42A3-9474-1A3956D46DE8}") = "src", "src", "{80F34606-7B36-482F-80A8-ED77B26BF404}"
EndProject
Project("{2150E333-8FDC-42A3-9474-1A3956D46DE8}") = "Solution Items", "Solution Items", "{8795FF38-F7AA-4A54-88DD-CEC6B2D12E3D}"
	ProjectSection(SolutionItems) = preProject
		global.json = global.json
		NUnitXml.xslt = NUnitXml.xslt
		Prebuild.ps1 = Prebuild.ps1
		..\README.md = ..\README.md
		RunTests.ps1 = RunTests.ps1
		xsltproc.ps1 = xsltproc.ps1
	EndProjectSection
EndProject
Project("{2150E333-8FDC-42A3-9474-1A3956D46DE8}") = "test", "test", "{E7A95D1F-2C6F-410C-B797-4FC82EDC4711}"
EndProject
Project("{8BB2217D-0F2D-49D1-97BC-3654ED321F3B}") = "xBDD.Reporting", "src\xBDD.Reporting\xBDD.Reporting.xproj", "{B5FD3E46-C055-491E-9583-3CD24CFBAD98}"
EndProject
Project("{8BB2217D-0F2D-49D1-97BC-3654ED321F3B}") = "xBDD.Core", "src\xBDD.Core\xBDD.Core.xproj", "{AF18B199-AC2B-42B9-BA23-DBC4E03225B0}"
EndProject
Project("{8BB2217D-0F2D-49D1-97BC-3654ED321F3B}") = "xBDD.Reporting.Database", "src\xBDD.Reporting.Database\xBDD.Reporting.Database.xproj", "{6F84C24F-249D-4B66-9E5B-38DF4950B77C}"
EndProject
Project("{8BB2217D-0F2D-49D1-97BC-3654ED321F3B}") = "xBDD.xUnit", "src\xBDD.xUnit\xBDD.xUnit.xproj", "{69AD4BB0-472E-4BB6-9CDA-26F0570E5262}"
EndProject
Project("{8BB2217D-0F2D-49D1-97BC-3654ED321F3B}") = "xBDD.Test", "test\xBDD.Test\xBDD.Test.xproj", "{34D2B1FB-B4EF-40B4-9B1F-159C5C302664}"
EndProject
Global
	GlobalSection(SolutionConfigurationPlatforms) = preSolution
		Debug|Any CPU = Debug|Any CPU
		Publish|Any CPU = Publish|Any CPU
		Release|Any CPU = Release|Any CPU
	EndGlobalSection
	GlobalSection(ProjectConfigurationPlatforms) = postSolution
		{B5FD3E46-C055-491E-9583-3CD24CFBAD98}.Debug|Any CPU.ActiveCfg = Debug|Any CPU
		{B5FD3E46-C055-491E-9583-3CD24CFBAD98}.Debug|Any CPU.Build.0 = Debug|Any CPU
		{B5FD3E46-C055-491E-9583-3CD24CFBAD98}.Publish|Any CPU.ActiveCfg = Debug|Any CPU
		{B5FD3E46-C055-491E-9583-3CD24CFBAD98}.Publish|Any CPU.Build.0 = Debug|Any CPU
		{B5FD3E46-C055-491E-9583-3CD24CFBAD98}.Release|Any CPU.ActiveCfg = Release|Any CPU
		{B5FD3E46-C055-491E-9583-3CD24CFBAD98}.Release|Any CPU.Build.0 = Release|Any CPU
		{AF18B199-AC2B-42B9-BA23-DBC4E03225B0}.Debug|Any CPU.ActiveCfg = Debug|Any CPU
		{AF18B199-AC2B-42B9-BA23-DBC4E03225B0}.Debug|Any CPU.Build.0 = Debug|Any CPU
		{AF18B199-AC2B-42B9-BA23-DBC4E03225B0}.Publish|Any CPU.ActiveCfg = Publish|Any CPU
		{AF18B199-AC2B-42B9-BA23-DBC4E03225B0}.Publish|Any CPU.Build.0 = Publish|Any CPU
		{AF18B199-AC2B-42B9-BA23-DBC4E03225B0}.Release|Any CPU.ActiveCfg = Release|Any CPU
		{AF18B199-AC2B-42B9-BA23-DBC4E03225B0}.Release|Any CPU.Build.0 = Release|Any CPU
		{6F84C24F-249D-4B66-9E5B-38DF4950B77C}.Debug|Any CPU.ActiveCfg = Debug|Any CPU
		{6F84C24F-249D-4B66-9E5B-38DF4950B77C}.Debug|Any CPU.Build.0 = Debug|Any CPU
		{6F84C24F-249D-4B66-9E5B-38DF4950B77C}.Publish|Any CPU.ActiveCfg = Debug|Any CPU
		{6F84C24F-249D-4B66-9E5B-38DF4950B77C}.Publish|Any CPU.Build.0 = Debug|Any CPU
		{6F84C24F-249D-4B66-9E5B-38DF4950B77C}.Release|Any CPU.ActiveCfg = Release|Any CPU
		{6F84C24F-249D-4B66-9E5B-38DF4950B77C}.Release|Any CPU.Build.0 = Release|Any CPU
		{69AD4BB0-472E-4BB6-9CDA-26F0570E5262}.Debug|Any CPU.ActiveCfg = Debug|Any CPU
		{69AD4BB0-472E-4BB6-9CDA-26F0570E5262}.Debug|Any CPU.Build.0 = Debug|Any CPU
		{69AD4BB0-472E-4BB6-9CDA-26F0570E5262}.Publish|Any CPU.ActiveCfg = Publish|Any CPU
		{69AD4BB0-472E-4BB6-9CDA-26F0570E5262}.Publish|Any CPU.Build.0 = Publish|Any CPU
		{69AD4BB0-472E-4BB6-9CDA-26F0570E5262}.Release|Any CPU.ActiveCfg = Release|Any CPU
		{69AD4BB0-472E-4BB6-9CDA-26F0570E5262}.Release|Any CPU.Build.0 = Release|Any CPU
		{34D2B1FB-B4EF-40B4-9B1F-159C5C302664}.Debug|Any CPU.ActiveCfg = Debug|Any CPU
		{34D2B1FB-B4EF-40B4-9B1F-159C5C302664}.Debug|Any CPU.Build.0 = Debug|Any CPU
		{34D2B1FB-B4EF-40B4-9B1F-159C5C302664}.Publish|Any CPU.ActiveCfg = Publish|Any CPU
		{34D2B1FB-B4EF-40B4-9B1F-159C5C302664}.Publish|Any CPU.Build.0 = Publish|Any CPU
		{34D2B1FB-B4EF-40B4-9B1F-159C5C302664}.Release|Any CPU.ActiveCfg = Release|Any CPU
		{34D2B1FB-B4EF-40B4-9B1F-159C5C302664}.Release|Any CPU.Build.0 = Release|Any CPU
	EndGlobalSection
	GlobalSection(SolutionProperties) = preSolution
		HideSolutionNode = FALSE
	EndGlobalSection
	GlobalSection(NestedProjects) = preSolution
		{B5FD3E46-C055-491E-9583-3CD24CFBAD98} = {80F34606-7B36-482F-80A8-ED77B26BF404}
		{AF18B199-AC2B-42B9-BA23-DBC4E03225B0} = {80F34606-7B36-482F-80A8-ED77B26BF404}
		{6F84C24F-249D-4B66-9E5B-38DF4950B77C} = {80F34606-7B36-482F-80A8-ED77B26BF404}
		{69AD4BB0-472E-4BB6-9CDA-26F0570E5262} = {80F34606-7B36-482F-80A8-ED77B26BF404}
		{34D2B1FB-B4EF-40B4-9B1F-159C5C302664} = {E7A95D1F-2C6F-410C-B797-4FC82EDC4711}
	EndGlobalSection
EndGlobal
